{
  "pins" : [
    {
      "identity" : "swift-collections",
      "kind" : "remoteSourceControl",
      "location" : "https://github.com/apple/swift-collections",
      "state" : {
        "revision" : "94cf62b3ba8d4bed62680a282d4c25f9c63c2efb",
        "version" : "1.1.0"
      }
    },
    {
      "identity" : "swift-identified-collections",
      "kind" : "remoteSourceControl",
      "location" : "https://github.com/pointfreeco/swift-identified-collections",
      "state" : {
        "revision" : "d1e45f3e1eee2c9193f5369fa9d70a6ddad635e8",
        "version" : "1.0.0"
      }
    },
    {
      "identity" : "swift-macro-testing",
      "kind" : "remoteSourceControl",
      "location" : "https://github.com/pointfreeco/swift-macro-testing",
      "state" : {
        "revision" : "10dcef36314ddfea6f60442169b0b320204cbd35",
        "version" : "0.2.2"
      }
    },
    {
      "identity" : "swift-snapshot-testing",
      "kind" : "remoteSourceControl",
      "location" : "https://github.com/pointfreeco/swift-snapshot-testing",
      "state" : {
        "revision" : "e7b77228b34057041374ebef00c0fd7739d71a2b",
        "version" : "1.15.3"
      }
    },
    {
      "identity" : "swift-standard-library",
      "kind" : "remoteSourceControl",
      "location" : "https://github.com/s-brenner/swift-standard-library",
      "state" : {
        "revision" : "99899d44815af9ea0718a42fc7409eeede27e79e",
        "version" : "0.5.1"
      }
    },
    {
      "identity" : "swift-syntax",
      "kind" : "remoteSourceControl",
      "location" : "https://github.com/apple/swift-syntax",
      "state" : {
        "revision" : "64889f0c732f210a935a0ad7cda38f77f876262d",
        "version" : "509.1.1"
      }
    },
    {
      "identity" : "swift-tagged",
      "kind" : "remoteSourceControl",
      "location" : "https://github.com/pointfreeco/swift-tagged",
      "state" : {
        "revision" : "3907a9438f5b57d317001dc99f3f11b46882272b",
        "version" : "0.10.0"
      }
    }
  ],
  "version" : 2
}
